// !$*UTF8*$!
{
	archiveVersion = 1;
	classes = {
	};
	objectVersion = 56;
	objects = {

/* Begin PBXBuildFile section */
		05632B662BE0DC54001AE153 /* OpenAnimView.swift in Sources */ = {isa = PBXBuildFile; fileRef = 05632B652BE0DC54001AE153 /* OpenAnimView.swift */; };
		056B8B902BD7AE81000BD51D /* MainScreenView.swift in Sources */ = {isa = PBXBuildFile; fileRef = 056B8B8F2BD7AE81000BD51D /* MainScreenView.swift */; };
		0587AFEE2BF377D5006F9CC1 /* MenuListView.swift in Sources */ = {isa = PBXBuildFile; fileRef = 0587AFED2BF377D5006F9CC1 /* MenuListView.swift */; };
		0587AFF02BF3D24E006F9CC1 /* TopupMoneyView.swift in Sources */ = {isa = PBXBuildFile; fileRef = 0587AFEF2BF3D24E006F9CC1 /* TopupMoneyView.swift */; };
		05C8C0B92BD9161300E7AF16 /* HeadersView.swift in Sources */ = {isa = PBXBuildFile; fileRef = 05C8C0B82BD9161300E7AF16 /* HeadersView.swift */; };
		05C8C0BB2BD9177D00E7AF16 /* OpenCaseView.swift in Sources */ = {isa = PBXBuildFile; fileRef = 05C8C0BA2BD9177D00E7AF16 /* OpenCaseView.swift */; };
		05C8C0BD2BD9292B00E7AF16 /* StartView.swift in Sources */ = {isa = PBXBuildFile; fileRef = 05C8C0BC2BD9292B00E7AF16 /* StartView.swift */; };
		05EA964D2BEBD94400092D87 /* HorScrollView.swift in Sources */ = {isa = PBXBuildFile; fileRef = 05EA964C2BEBD94400092D87 /* HorScrollView.swift */; };
		05EA96502BEC0CB100092D87 /* WinSkinAnim.swift in Sources */ = {isa = PBXBuildFile; fileRef = 05EA964F2BEC0CB100092D87 /* WinSkinAnim.swift */; };
		05F8EA9A2BD70E8A00381198 /* Case_BattleApp.swift in Sources */ = {isa = PBXBuildFile; fileRef = 05F8EA992BD70E8A00381198 /* Case_BattleApp.swift */; };
		05F8EA9E2BD70E8D00381198 /* Assets.xcassets in Resources */ = {isa = PBXBuildFile; fileRef = 05F8EA9D2BD70E8D00381198 /* Assets.xcassets */; };
		05F8EAA12BD70E8D00381198 /* Preview Assets.xcassets in Resources */ = {isa = PBXBuildFile; fileRef = 05F8EAA02BD70E8D00381198 /* Preview Assets.xcassets */; };
		05F8EAA82BD7146400381198 /* Cases&Promo.swift in Sources */ = {isa = PBXBuildFile; fileRef = 05F8EAA72BD7146400381198 /* Cases&Promo.swift */; };
		05F8EAAA2BD7163200381198 /* CasesView.swift in Sources */ = {isa = PBXBuildFile; fileRef = 05F8EAA92BD7163200381198 /* CasesView.swift */; };
		05F8EAAC2BD7165300381198 /* InfoList.swift in Sources */ = {isa = PBXBuildFile; fileRef = 05F8EAAB2BD7165300381198 /* InfoList.swift */; };
/* End PBXBuildFile section */

/* Begin PBXFileReference section */
		05632B652BE0DC54001AE153 /* OpenAnimView.swift */ = {isa = PBXFileReference; lastKnownFileType = sourcecode.swift; path = OpenAnimView.swift; sourceTree = "<group>"; };
		056B8B8F2BD7AE81000BD51D /* MainScreenView.swift */ = {isa = PBXFileReference; lastKnownFileType = sourcecode.swift; path = MainScreenView.swift; sourceTree = "<group>"; };
		0587AFED2BF377D5006F9CC1 /* MenuListView.swift */ = {isa = PBXFileReference; lastKnownFileType = sourcecode.swift; path = MenuListView.swift; sourceTree = "<group>"; };
		0587AFEF2BF3D24E006F9CC1 /* TopupMoneyView.swift */ = {isa = PBXFileReference; lastKnownFileType = sourcecode.swift; path = TopupMoneyView.swift; sourceTree = "<group>"; };
		05C8C0B82BD9161300E7AF16 /* HeadersView.swift */ = {isa = PBXFileReference; lastKnownFileType = sourcecode.swift; path = HeadersView.swift; sourceTree = "<group>"; };
		05C8C0BA2BD9177D00E7AF16 /* OpenCaseView.swift */ = {isa = PBXFileReference; lastKnownFileType = sourcecode.swift; path = OpenCaseView.swift; sourceTree = "<group>"; };
		05C8C0BC2BD9292B00E7AF16 /* StartView.swift */ = {isa = PBXFileReference; lastKnownFileType = sourcecode.swift; path = StartView.swift; sourceTree = "<group>"; };
		05EA964C2BEBD94400092D87 /* HorScrollView.swift */ = {isa = PBXFileReference; lastKnownFileType = sourcecode.swift; path = HorScrollView.swift; sourceTree = "<group>"; };
		05EA964F2BEC0CB100092D87 /* WinSkinAnim.swift */ = {isa = PBXFileReference; lastKnownFileType = sourcecode.swift; path = WinSkinAnim.swift; sourceTree = "<group>"; };
		05F8EA962BD70E8A00381198 /* Case Battle.app */ = {isa = PBXFileReference; explicitFileType = wrapper.application; includeInIndex = 0; path = "Case Battle.app"; sourceTree = BUILT_PRODUCTS_DIR; };
		05F8EA992BD70E8A00381198 /* Case_BattleApp.swift */ = {isa = PBXFileReference; lastKnownFileType = sourcecode.swift; path = Case_BattleApp.swift; sourceTree = "<group>"; };
		05F8EA9D2BD70E8D00381198 /* Assets.xcassets */ = {isa = PBXFileReference; lastKnownFileType = folder.assetcatalog; path = Assets.xcassets; sourceTree = "<group>"; };
		05F8EAA02BD70E8D00381198 /* Preview Assets.xcassets */ = {isa = PBXFileReference; lastKnownFileType = folder.assetcatalog; path = "Preview Assets.xcassets"; sourceTree = "<group>"; };
		05F8EAA72BD7146400381198 /* Cases&Promo.swift */ = {isa = PBXFileReference; lastKnownFileType = sourcecode.swift; path = "Cases&Promo.swift"; sourceTree = "<group>"; };
		05F8EAA92BD7163200381198 /* CasesView.swift */ = {isa = PBXFileReference; lastKnownFileType = sourcecode.swift; path = CasesView.swift; sourceTree = "<group>"; };
		05F8EAAB2BD7165300381198 /* InfoList.swift */ = {isa = PBXFileReference; lastKnownFileType = sourcecode.swift; path = InfoList.swift; sourceTree = "<group>"; };
/* End PBXFileReference section */

/* Begin PBXFrameworksBuildPhase section */
		05F8EA932BD70E8A00381198 /* Frameworks */ = {
			isa = PBXFrameworksBuildPhase;
			buildActionMask = 2147483647;
			files = (
			);
			runOnlyForDeploymentPostprocessing = 0;
		};
/* End PBXFrameworksBuildPhase section */

/* Begin PBXGroup section */
		05EA964E2BEBDEFC00092D87 /* customDetails */ = {
			isa = PBXGroup;
			children = (
				05EA964C2BEBD94400092D87 /* HorScrollView.swift */,
			);
			path = customDetails;
			sourceTree = "<group>";
		};
		05F8EA8D2BD70E8900381198 = {
			isa = PBXGroup;
			children = (
				05F8EA982BD70E8A00381198 /* Case Battle */,
				05F8EA972BD70E8A00381198 /* Products */,
			);
			sourceTree = "<group>";
		};
		05F8EA972BD70E8A00381198 /* Products */ = {
			isa = PBXGroup;
			children = (
				05F8EA962BD70E8A00381198 /* Case Battle.app */,
			);
			name = Products;
			sourceTree = "<group>";
		};
		05F8EA982BD70E8A00381198 /* Case Battle */ = {
			isa = PBXGroup;
			children = (
				05F8EA992BD70E8A00381198 /* Case_BattleApp.swift */,
				05C8C0BC2BD9292B00E7AF16 /* StartView.swift */,
				056B8B8F2BD7AE81000BD51D /* MainScreenView.swift */,
				05C8C0B82BD9161300E7AF16 /* HeadersView.swift */,
				05F8EAA92BD7163200381198 /* CasesView.swift */,
				05C8C0BA2BD9177D00E7AF16 /* OpenCaseView.swift */,
				0587AFED2BF377D5006F9CC1 /* MenuListView.swift */,
				0587AFEF2BF3D24E006F9CC1 /* TopupMoneyView.swift */,
				05632B652BE0DC54001AE153 /* OpenAnimView.swift */,
				05EA964F2BEC0CB100092D87 /* WinSkinAnim.swift */,
				05F8EAA72BD7146400381198 /* Cases&Promo.swift */,
				05F8EAAB2BD7165300381198 /* InfoList.swift */,
				05EA964E2BEBDEFC00092D87 /* customDetails */,
				05F8EA9D2BD70E8D00381198 /* Assets.xcassets */,
				05F8EA9F2BD70E8D00381198 /* Preview Content */,
			);
			path = "Case Battle";
			sourceTree = "<group>";
		};
		05F8EA9F2BD70E8D00381198 /* Preview Content */ = {
			isa = PBXGroup;
			children = (
				05F8EAA02BD70E8D00381198 /* Preview Assets.xcassets */,
			);
			path = "Preview Content";
			sourceTree = "<group>";
		};
/* End PBXGroup section */

/* Begin PBXNativeTarget section */
		05F8EA952BD70E8A00381198 /* Case Battle */ = {
			isa = PBXNativeTarget;
			buildConfigurationList = 05F8EAA42BD70E8D00381198 /* Build configuration list for PBXNativeTarget "Case Battle" */;
			buildPhases = (
				05F8EA922BD70E8A00381198 /* Sources */,
				05F8EA932BD70E8A00381198 /* Frameworks */,
				05F8EA942BD70E8A00381198 /* Resources */,
			);
			buildRules = (
			);
			dependencies = (
			);
			name = "Case Battle";
			productName = "Case Battle";
			productReference = 05F8EA962BD70E8A00381198 /* Case Battle.app */;
			productType = "com.apple.product-type.application";
		};
/* End PBXNativeTarget section */

/* Begin PBXProject section */
		05F8EA8E2BD70E8900381198 /* Project object */ = {
			isa = PBXProject;
			attributes = {
				BuildIndependentTargetsInParallel = 1;
				LastSwiftUpdateCheck = 1520;
				LastUpgradeCheck = 1520;
				TargetAttributes = {
					05F8EA952BD70E8A00381198 = {
						CreatedOnToolsVersion = 15.2;
					};
				};
			};
			buildConfigurationList = 05F8EA912BD70E8900381198 /* Build configuration list for PBXProject "Case Battle" */;
			compatibilityVersion = "Xcode 14.0";
			developmentRegion = en;
			hasScannedForEncodings = 0;
			knownRegions = (
				en,
				Base,
			);
			mainGroup = 05F8EA8D2BD70E8900381198;
			productRefGroup = 05F8EA972BD70E8A00381198 /* Products */;
			projectDirPath = "";
			projectRoot = "";
			targets = (
				05F8EA952BD70E8A00381198 /* Case Battle */,
			);
		};
/* End PBXProject section */

/* Begin PBXResourcesBuildPhase section */
		05F8EA942BD70E8A00381198 /* Resources */ = {
			isa = PBXResourcesBuildPhase;
			buildActionMask = 2147483647;
			files = (
				05F8EAA12BD70E8D00381198 /* Preview Assets.xcassets in Resources */,
				05F8EA9E2BD70E8D00381198 /* Assets.xcassets in Resources */,
			);
			runOnlyForDeploymentPostprocessing = 0;
		};
/* End PBXResourcesBuildPhase section */

/* Begin PBXSourcesBuildPhase section */
		05F8EA922BD70E8A00381198 /* Sources */ = {
			isa = PBXSourcesBuildPhase;
			buildActionMask = 2147483647;
			files = (
				05EA96502BEC0CB100092D87 /* WinSkinAnim.swift in Sources */,
				05C8C0BD2BD9292B00E7AF16 /* StartView.swift in Sources */,
				0587AFEE2BF377D5006F9CC1 /* MenuListView.swift in Sources */,
				05F8EAAA2BD7163200381198 /* CasesView.swift in Sources */,
				056B8B902BD7AE81000BD51D /* MainScreenView.swift in Sources */,
				05F8EAAC2BD7165300381198 /* InfoList.swift in Sources */,
				05F8EAA82BD7146400381198 /* Cases&Promo.swift in Sources */,
				05632B662BE0DC54001AE153 /* OpenAnimView.swift in Sources */,
				05EA964D2BEBD94400092D87 /* HorScrollView.swift in Sources */,
				05C8C0B92BD9161300E7AF16 /* HeadersView.swift in Sources */,
				05C8C0BB2BD9177D00E7AF16 /* OpenCaseView.swift in Sources */,
				05F8EA9A2BD70E8A00381198 /* Case_BattleApp.swift in Sources */,
				0587AFF02BF3D24E006F9CC1 /* TopupMoneyView.swift in Sources */,
			);
			runOnlyForDeploymentPostprocessing = 0;
		};
/* End PBXSourcesBuildPhase section */

/* Begin XCBuildConfiguration section */
		05F8EAA22BD70E8D00381198 /* Debug */ = {
			isa = XCBuildConfiguration;
			buildSettings = {
				ALWAYS_SEARCH_USER_PATHS = NO;
				ASSETCATALOG_COMPILER_GENERATE_SWIFT_ASSET_SYMBOL_EXTENSIONS = YES;
				CLANG_ANALYZER_NONNULL = YES;
				CLANG_ANALYZER_NUMBER_OBJECT_CONVERSION = YES_AGGRESSIVE;
				CLANG_CXX_LANGUAGE_STANDARD = "gnu++20";
				CLANG_ENABLE_MODULES = YES;
				CLANG_ENABLE_OBJC_ARC = YES;
				CLANG_ENABLE_OBJC_WEAK = YES;
				CLANG_WARN_BLOCK_CAPTURE_AUTORELEASING = YES;
				CLANG_WARN_BOOL_CONVERSION = YES;
				CLANG_WARN_COMMA = YES;
				CLANG_WARN_CONSTANT_CONVERSION = YES;
				CLANG_WARN_DEPRECATED_OBJC_IMPLEMENTATIONS = YES;
				CLANG_WARN_DIRECT_OBJC_ISA_USAGE = YES_ERROR;
				CLANG_WARN_DOCUMENTATION_COMMENTS = YES;
				CLANG_WARN_EMPTY_BODY = YES;
				CLANG_WARN_ENUM_CONVERSION = YES;
				CLANG_WARN_INFINITE_RECURSION = YES;
				CLANG_WARN_INT_CONVERSION = YES;
				CLANG_WARN_NON_LITERAL_NULL_CONVERSION = YES;
				CLANG_WARN_OBJC_IMPLICIT_RETAIN_SELF = YES;
				CLANG_WARN_OBJC_LITERAL_CONVERSION = YES;
				CLANG_WARN_OBJC_ROOT_CLASS = YES_ERROR;
				CLANG_WARN_QUOTED_INCLUDE_IN_FRAMEWORK_HEADER = YES;
				CLANG_WARN_RANGE_LOOP_ANALYSIS = YES;
				CLANG_WARN_STRICT_PROTOTYPES = YES;
				CLANG_WARN_SUSPICIOUS_MOVE = YES;
				CLANG_WARN_UNGUARDED_AVAILABILITY = YES_AGGRESSIVE;
				CLANG_WARN_UNREACHABLE_CODE = YES;
				CLANG_WARN__DUPLICATE_METHOD_MATCH = YES;
				COPY_PHASE_STRIP = NO;
				DEBUG_INFORMATION_FORMAT = dwarf;
				ENABLE_STRICT_OBJC_MSGSEND = YES;
				ENABLE_TESTABILITY = YES;
				ENABLE_USER_SCRIPT_SANDBOXING = YES;
				GCC_C_LANGUAGE_STANDARD = gnu17;
				GCC_DYNAMIC_NO_PIC = NO;
				GCC_NO_COMMON_BLOCKS = YES;
				GCC_OPTIMIZATION_LEVEL = 0;
				GCC_PREPROCESSOR_DEFINITIONS = (
					"DEBUG=1",
					"$(inherited)",
				);
				GCC_WARN_64_TO_32_BIT_CONVERSION = YES;
				GCC_WARN_ABOUT_RETURN_TYPE = YES_ERROR;
				GCC_WARN_UNDECLARED_SELECTOR = YES;
				GCC_WARN_UNINITIALIZED_AUTOS = YES_AGGRESSIVE;
				GCC_WARN_UNUSED_FUNCTION = YES;
				GCC_WARN_UNUSED_VARIABLE = YES;
				IPHONEOS_DEPLOYMENT_TARGET = 17.2;
				LOCALIZATION_PREFERS_STRING_CATALOGS = YES;
				MTL_ENABLE_DEBUG_INFO = INCLUDE_SOURCE;
				MTL_FAST_MATH = YES;
				ONLY_ACTIVE_ARCH = YES;
				SDKROOT = iphoneos;
				SWIFT_ACTIVE_COMPILATION_CONDITIONS = "DEBUG $(inherited)";
				SWIFT_OPTIMIZATION_LEVEL = "-Onone";
			};
			name = Debug;
		};
		05F8EAA32BD70E8D00381198 /* Release */ = {
			isa = XCBuildConfiguration;
			buildSettings = {
				ALWAYS_SEARCH_USER_PATHS = NO;
				ASSETCATALOG_COMPILER_GENERATE_SWIFT_ASSET_SYMBOL_EXTENSIONS = YES;
				CLANG_ANALYZER_NONNULL = YES;
				CLANG_ANALYZER_NUMBER_OBJECT_CONVERSION = YES_AGGRESSIVE;
				CLANG_CXX_LANGUAGE_STANDARD = "gnu++20";
				CLANG_ENABLE_MODULES = YES;
				CLANG_ENABLE_OBJC_ARC = YES;
				CLANG_ENABLE_OBJC_WEAK = YES;
				CLANG_WARN_BLOCK_CAPTURE_AUTORELEASING = YES;
				CLANG_WARN_BOOL_CONVERSION = YES;
				CLANG_WARN_COMMA = YES;
				CLANG_WARN_CONSTANT_CONVERSION = YES;
				CLANG_WARN_DEPRECATED_OBJC_IMPLEMENTATIONS = YES;
				CLANG_WARN_DIRECT_OBJC_ISA_USAGE = YES_ERROR;
				CLANG_WARN_DOCUMENTATION_COMMENTS = YES;
				CLANG_WARN_EMPTY_BODY = YES;
				CLANG_WARN_ENUM_CONVERSION = YES;
				CLANG_WARN_INFINITE_RECURSION = YES;
				CLANG_WARN_INT_CONVERSION = YES;
				CLANG_WARN_NON_LITERAL_NULL_CONVERSION = YES;
				CLANG_WARN_OBJC_IMPLICIT_RETAIN_SELF = YES;
				CLANG_WARN_OBJC_LITERAL_CONVERSION = YES;
				CLANG_WARN_OBJC_ROOT_CLASS = YES_ERROR;
				CLANG_WARN_QUOTED_INCLUDE_IN_FRAMEWORK_HEADER = YES;
				CLANG_WARN_RANGE_LOOP_ANALYSIS = YES;
				CLANG_WARN_STRICT_PROTOTYPES = YES;
				CLANG_WARN_SUSPICIOUS_MOVE = YES;
				CLANG_WARN_UNGUARDED_AVAILABILITY = YES_AGGRESSIVE;
				CLANG_WARN_UNREACHABLE_CODE = YES;
				CLANG_WARN__DUPLICATE_METHOD_MATCH = YES;
				COPY_PHASE_STRIP = NO;
				DEBUG_INFORMATION_FORMAT = "dwarf-with-dsym";
				ENABLE_NS_ASSERTIONS = NO;
				ENABLE_STRICT_OBJC_MSGSEND = YES;
				ENABLE_USER_SCRIPT_SANDBOXING = YES;
				GCC_C_LANGUAGE_STANDARD = gnu17;
				GCC_NO_COMMON_BLOCKS = YES;
				GCC_WARN_64_TO_32_BIT_CONVERSION = YES;
				GCC_WARN_ABOUT_RETURN_TYPE = YES_ERROR;
				GCC_WARN_UNDECLARED_SELECTOR = YES;
				GCC_WARN_UNINITIALIZED_AUTOS = YES_AGGRESSIVE;
				GCC_WARN_UNUSED_FUNCTION = YES;
				GCC_WARN_UNUSED_VARIABLE = YES;
				IPHONEOS_DEPLOYMENT_TARGET = 17.2;
				LOCALIZATION_PREFERS_STRING_CATALOGS = YES;
				MTL_ENABLE_DEBUG_INFO = NO;
				MTL_FAST_MATH = YES;
				SDKROOT = iphoneos;
				SWIFT_COMPILATION_MODE = wholemodule;
				VALIDATE_PRODUCT = YES;
			};
			name = Release;
		};
		05F8EAA52BD70E8D00381198 /* Debug */ = {
			isa = XCBuildConfiguration;
			buildSettings = {
				ASSETCATALOG_COMPILER_APPICON_NAME = AppIcon;
				ASSETCATALOG_COMPILER_GLOBAL_ACCENT_COLOR_NAME = AccentColor;
				CODE_SIGN_STYLE = Automatic;
				CURRENT_PROJECT_VERSION = 1;
				DEVELOPMENT_ASSET_PATHS = "\"Case Battle/Preview Content\"";
				DEVELOPMENT_TEAM = RN5TH2CDVS;
				ENABLE_PREVIEWS = YES;
				GENERATE_INFOPLIST_FILE = YES;
				INFOPLIST_FILE = "Case-Battle-Info.plist";
				INFOPLIST_KEY_UIApplicationSceneManifest_Generation = YES;
				INFOPLIST_KEY_UIApplicationSupportsIndirectInputEvents = YES;
				INFOPLIST_KEY_UILaunchScreen_Generation = YES;
				INFOPLIST_KEY_UISupportedInterfaceOrientations_iPad = "UIInterfaceOrientationPortrait UIInterfaceOrientationPortraitUpsideDown UIInterfaceOrientationLandscapeLeft UIInterfaceOrientationLandscapeRight";
				INFOPLIST_KEY_UISupportedInterfaceOrientations_iPhone = "UIInterfaceOrientationPortrait UIInterfaceOrientationLandscapeLeft UIInterfaceOrientationLandscapeRight";
				LD_RUNPATH_SEARCH_PATHS = (
					"$(inherited)",
					"@executable_path/Frameworks",
				);
				MARKETING_VERSION = 1.0;
				PRODUCT_BUNDLE_IDENTIFIER = "sMark.Case-Battle";
				PRODUCT_NAME = "$(TARGET_NAME)";
				SWIFT_EMIT_LOC_STRINGS = YES;
				SWIFT_VERSION = 5.0;
				TARGETED_DEVICE_FAMILY = "1,2";
			};
			name = Debug;
		};
		05F8EAA62BD70E8D00381198 /* Release */ = {
			isa = XCBuildConfiguration;
			buildSettings = {
				ASSETCATALOG_COMPILER_APPICON_NAME = AppIcon;
				ASSETCATALOG_COMPILER_GLOBAL_ACCENT_COLOR_NAME = AccentColor;
				CODE_SIGN_STYLE = Automatic;
				CURRENT_PROJECT_VERSION = 1;
				DEVELOPMENT_ASSET_PATHS = "\"Case Battle/Preview Content\"";
				DEVELOPMENT_TEAM = RN5TH2CDVS;
				ENABLE_PREVIEWS = YES;
				GENERATE_INFOPLIST_FILE = YES;
				INFOPLIST_FILE = "Case-Battle-Info.plist";
				INFOPLIST_KEY_UIApplicationSceneManifest_Generation = YES;
				INFOPLIST_KEY_UIApplicationSupportsIndirectInputEvents = YES;
				INFOPLIST_KEY_UILaunchScreen_Generation = YES;
				INFOPLIST_KEY_UISupportedInterfaceOrientations_iPad = "UIInterfaceOrientationPortrait UIInterfaceOrientationPortraitUpsideDown UIInterfaceOrientationLandscapeLeft UIInterfaceOrientationLandscapeRight";
				INFOPLIST_KEY_UISupportedInterfaceOrientations_iPhone = "UIInterfaceOrientationPortrait UIInterfaceOrientationLandscapeLeft UIInterfaceOrientationLandscapeRight";
				LD_RUNPATH_SEARCH_PATHS = (
					"$(inherited)",
					"@executable_path/Frameworks",
				);
				MARKETING_VERSION = 1.0;
				PRODUCT_BUNDLE_IDENTIFIER = "sMark.Case-Battle";
				PRODUCT_NAME = "$(TARGET_NAME)";
				SWIFT_EMIT_LOC_STRINGS = YES;
				SWIFT_VERSION = 5.0;
				TARGETED_DEVICE_FAMILY = "1,2";
			};
			name = Release;
		};
/* End XCBuildConfiguration section */

/* Begin XCConfigurationList section */
		05F8EA912BD70E8900381198 /* Build configuration list for PBXProject "Case Battle" */ = {
			isa = XCConfigurationList;
			buildConfigurations = (
				05F8EAA22BD70E8D00381198 /* Debug */,
				05F8EAA32BD70E8D00381198 /* Release */,
			);
			defaultConfigurationIsVisible = 0;
			defaultConfigurationName = Release;
		};
		05F8EAA42BD70E8D00381198 /* Build configuration list for PBXNativeTarget "Case Battle" */ = {
			isa = XCConfigurationList;
			buildConfigurations = (
				05F8EAA52BD70E8D00381198 /* Debug */,
				05F8EAA62BD70E8D00381198 /* Release */,
			);
			defaultConfigurationIsVisible = 0;
			defaultConfigurationName = Release;
		};
/* End XCConfigurationList section */
	};
	rootObject = 05F8EA8E2BD70E8900381198 /* Project object */;
}
